// !$*UTF8*$!
{
	archiveVersion = 1;
	classes = {
	};
	objectVersion = 56;
	objects = {

/* Begin PBXBuildFile section */
		1ECCC1B62C7B74C900A690BD /* CoolTheEarthApp.swift in Sources */ = {isa = PBXBuildFile; fileRef = 1ECCC1B52C7B74C900A690BD /* CoolTheEarthApp.swift */; };
		1ECCC1B82C7B74C900A690BD /* ContentView.swift in Sources */ = {isa = PBXBuildFile; fileRef = 1ECCC1B72C7B74C900A690BD /* ContentView.swift */; };
		1ECCC1BA2C7B74CB00A690BD /* Assets.xcassets in Resources */ = {isa = PBXBuildFile; fileRef = 1ECCC1B92C7B74CB00A690BD /* Assets.xcassets */; };
		1ECCC1BD2C7B74CB00A690BD /* Preview Assets.xcassets in Resources */ = {isa = PBXBuildFile; fileRef = 1ECCC1BC2C7B74CB00A690BD /* Preview Assets.xcassets */; };
		1ECCC1C72C7B793500A690BD /* LoginScreen.swift in Sources */ = {isa = PBXBuildFile; fileRef = 1ECCC1C62C7B793500A690BD /* LoginScreen.swift */; };
		1ECCC1D62C7B7D3700A690BD /* Kenney Future Narrow.ttf in Resources */ = {isa = PBXBuildFile; fileRef = 1ECCC1D42C7B7D3700A690BD /* Kenney Future Narrow.ttf */; };
		1ECCC1D72C7B7D3700A690BD /* Kenney Future.ttf in Resources */ = {isa = PBXBuildFile; fileRef = 1ECCC1D52C7B7D3700A690BD /* Kenney Future.ttf */; };
		1ECCC1DB2C7B85BD00A690BD /* GameBackground.swift in Sources */ = {isa = PBXBuildFile; fileRef = 1ECCC1DA2C7B85BD00A690BD /* GameBackground.swift */; };
		1ECCC1DE2C7B878600A690BD /* User.swift in Sources */ = {isa = PBXBuildFile; fileRef = 1ECCC1DD2C7B878500A690BD /* User.swift */; };
		1ECCC1E12C7B87F500A690BD /* UserRepository.swift in Sources */ = {isa = PBXBuildFile; fileRef = 1ECCC1E02C7B87F500A690BD /* UserRepository.swift */; };
		1ECCC1E42C7CBEBE00A690BD /* MainTabBar.swift in Sources */ = {isa = PBXBuildFile; fileRef = 1ECCC1E32C7CBEBE00A690BD /* MainTabBar.swift */; };
		1ECCC1E72C7CC83000A690BD /* AnimatedTabBar in Frameworks */ = {isa = PBXBuildFile; productRef = 1ECCC1E62C7CC83000A690BD /* AnimatedTabBar */; };
		1ECCC1E92C7CD0B900A690BD /* GameScreen.swift in Sources */ = {isa = PBXBuildFile; fileRef = 1ECCC1E82C7CD0B900A690BD /* GameScreen.swift */; };
		1ECCC1EB2C7CD0D200A690BD /* LeaderboardScreen.swift in Sources */ = {isa = PBXBuildFile; fileRef = 1ECCC1EA2C7CD0D200A690BD /* LeaderboardScreen.swift */; };
		1ECCC1ED2C7CD0FD00A690BD /* AchievementScreen.swift in Sources */ = {isa = PBXBuildFile; fileRef = 1ECCC1EC2C7CD0FD00A690BD /* AchievementScreen.swift */; };
		1ECCC1EF2C7CD45E00A690BD /* TabItem.swift in Sources */ = {isa = PBXBuildFile; fileRef = 1ECCC1EE2C7CD45E00A690BD /* TabItem.swift */; };
		1ECCC1F22C7CE3C900A690BD /* SDWebImageSwiftUI in Frameworks */ = {isa = PBXBuildFile; productRef = 1ECCC1F12C7CE3C900A690BD /* SDWebImageSwiftUI */; };
		1ECCC1F42C7CE44B00A690BD /* earth-rotate.gif in Resources */ = {isa = PBXBuildFile; fileRef = 1ECCC1F32C7CE44B00A690BD /* earth-rotate.gif */; };
/* End PBXBuildFile section */

/* Begin PBXFileReference section */
		1ECCC1B22C7B74C900A690BD /* CoolTheEarth.app */ = {isa = PBXFileReference; explicitFileType = wrapper.application; includeInIndex = 0; path = CoolTheEarth.app; sourceTree = BUILT_PRODUCTS_DIR; };
		1ECCC1B52C7B74C900A690BD /* CoolTheEarthApp.swift */ = {isa = PBXFileReference; lastKnownFileType = sourcecode.swift; path = CoolTheEarthApp.swift; sourceTree = "<group>"; };
		1ECCC1B72C7B74C900A690BD /* ContentView.swift */ = {isa = PBXFileReference; lastKnownFileType = sourcecode.swift; path = ContentView.swift; sourceTree = "<group>"; };
		1ECCC1B92C7B74CB00A690BD /* Assets.xcassets */ = {isa = PBXFileReference; lastKnownFileType = folder.assetcatalog; path = Assets.xcassets; sourceTree = "<group>"; };
		1ECCC1BC2C7B74CB00A690BD /* Preview Assets.xcassets */ = {isa = PBXFileReference; lastKnownFileType = folder.assetcatalog; path = "Preview Assets.xcassets"; sourceTree = "<group>"; };
		1ECCC1C62C7B793500A690BD /* LoginScreen.swift */ = {isa = PBXFileReference; lastKnownFileType = sourcecode.swift; path = LoginScreen.swift; sourceTree = "<group>"; };
		1ECCC1D32C7B7B1500A690BD /* Info.plist */ = {isa = PBXFileReference; lastKnownFileType = text.plist; path = Info.plist; sourceTree = "<group>"; };
		1ECCC1D42C7B7D3700A690BD /* Kenney Future Narrow.ttf */ = {isa = PBXFileReference; lastKnownFileType = file; name = "Kenney Future Narrow.ttf"; path = "../../../../../Downloads/kenney_ui-pack 2/Font/Kenney Future Narrow.ttf"; sourceTree = "<group>"; };
		1ECCC1D52C7B7D3700A690BD /* Kenney Future.ttf */ = {isa = PBXFileReference; lastKnownFileType = file; name = "Kenney Future.ttf"; path = "../../../../../Downloads/kenney_ui-pack 2/Font/Kenney Future.ttf"; sourceTree = "<group>"; };
		1ECCC1DA2C7B85BD00A690BD /* GameBackground.swift */ = {isa = PBXFileReference; lastKnownFileType = sourcecode.swift; path = GameBackground.swift; sourceTree = "<group>"; };
		1ECCC1DD2C7B878500A690BD /* User.swift */ = {isa = PBXFileReference; lastKnownFileType = sourcecode.swift; path = User.swift; sourceTree = "<group>"; };
		1ECCC1E02C7B87F500A690BD /* UserRepository.swift */ = {isa = PBXFileReference; lastKnownFileType = sourcecode.swift; path = UserRepository.swift; sourceTree = "<group>"; };
		1ECCC1E32C7CBEBE00A690BD /* MainTabBar.swift */ = {isa = PBXFileReference; lastKnownFileType = sourcecode.swift; path = MainTabBar.swift; sourceTree = "<group>"; };
		1ECCC1E82C7CD0B900A690BD /* GameScreen.swift */ = {isa = PBXFileReference; lastKnownFileType = sourcecode.swift; path = GameScreen.swift; sourceTree = "<group>"; };
		1ECCC1EA2C7CD0D200A690BD /* LeaderboardScreen.swift */ = {isa = PBXFileReference; lastKnownFileType = sourcecode.swift; path = LeaderboardScreen.swift; sourceTree = "<group>"; };
		1ECCC1EC2C7CD0FD00A690BD /* AchievementScreen.swift */ = {isa = PBXFileReference; lastKnownFileType = sourcecode.swift; path = AchievementScreen.swift; sourceTree = "<group>"; };
		1ECCC1EE2C7CD45E00A690BD /* TabItem.swift */ = {isa = PBXFileReference; lastKnownFileType = sourcecode.swift; path = TabItem.swift; sourceTree = "<group>"; };
		1ECCC1F32C7CE44B00A690BD /* earth-rotate.gif */ = {isa = PBXFileReference; lastKnownFileType = image.gif; name = "earth-rotate.gif"; path = "../../../Downloads/earth-rotate.gif"; sourceTree = "<group>"; };
/* End PBXFileReference section */

/* Begin PBXFrameworksBuildPhase section */
		1ECCC1AF2C7B74C900A690BD /* Frameworks */ = {
			isa = PBXFrameworksBuildPhase;
			buildActionMask = 2147483647;
			files = (
				1ECCC1F22C7CE3C900A690BD /* SDWebImageSwiftUI in Frameworks */,
				1ECCC1E72C7CC83000A690BD /* AnimatedTabBar in Frameworks */,
			);
			runOnlyForDeploymentPostprocessing = 0;
		};
/* End PBXFrameworksBuildPhase section */

/* Begin PBXGroup section */
		1ECCC1A92C7B74C900A690BD = {
			isa = PBXGroup;
			children = (
				1ECCC1F32C7CE44B00A690BD /* earth-rotate.gif */,
				1ECCC1B42C7B74C900A690BD /* CoolTheEarth */,
				1ECCC1B32C7B74C900A690BD /* Products */,
			);
			sourceTree = "<group>";
		};
		1ECCC1B32C7B74C900A690BD /* Products */ = {
			isa = PBXGroup;
			children = (
				1ECCC1B22C7B74C900A690BD /* CoolTheEarth.app */,
			);
			name = Products;
			sourceTree = "<group>";
		};
		1ECCC1B42C7B74C900A690BD /* CoolTheEarth */ = {
			isa = PBXGroup;
			children = (
				1ECCC1DF2C7B87E300A690BD /* repositories */,
				1ECCC1DC2C7B877B00A690BD /* models */,
				1ECCC1D32C7B7B1500A690BD /* Info.plist */,
				1ECCC1C82C7B7A0F00A690BD /* fonts */,
				1ECCC1C32C7B790900A690BD /* views */,
				1ECCC1B52C7B74C900A690BD /* CoolTheEarthApp.swift */,
				1ECCC1B72C7B74C900A690BD /* ContentView.swift */,
				1ECCC1B92C7B74CB00A690BD /* Assets.xcassets */,
				1ECCC1BB2C7B74CB00A690BD /* Preview Content */,
			);
			path = CoolTheEarth;
			sourceTree = "<group>";
		};
		1ECCC1BB2C7B74CB00A690BD /* Preview Content */ = {
			isa = PBXGroup;
			children = (
				1ECCC1BC2C7B74CB00A690BD /* Preview Assets.xcassets */,
			);
			path = "Preview Content";
			sourceTree = "<group>";
		};
		1ECCC1C32C7B790900A690BD /* views */ = {
			isa = PBXGroup;
			children = (
				1ECCC1D92C7B85AB00A690BD /* shared */,
				1ECCC1C42C7B791400A690BD /* screens */,
			);
			path = views;
			sourceTree = "<group>";
		};
		1ECCC1C42C7B791400A690BD /* screens */ = {
			isa = PBXGroup;
			children = (
				1ECCC1C62C7B793500A690BD /* LoginScreen.swift */,
				1ECCC1E82C7CD0B900A690BD /* GameScreen.swift */,
				1ECCC1EA2C7CD0D200A690BD /* LeaderboardScreen.swift */,
				1ECCC1EC2C7CD0FD00A690BD /* AchievementScreen.swift */,
			);
			path = screens;
			sourceTree = "<group>";
		};
		1ECCC1C82C7B7A0F00A690BD /* fonts */ = {
			isa = PBXGroup;
			children = (
				1ECCC1D42C7B7D3700A690BD /* Kenney Future Narrow.ttf */,
				1ECCC1D52C7B7D3700A690BD /* Kenney Future.ttf */,
			);
			path = fonts;
			sourceTree = "<group>";
		};
		1ECCC1D92C7B85AB00A690BD /* shared */ = {
			isa = PBXGroup;
			children = (
				1ECCC1DA2C7B85BD00A690BD /* GameBackground.swift */,
				1ECCC1E32C7CBEBE00A690BD /* MainTabBar.swift */,
				1ECCC1EE2C7CD45E00A690BD /* TabItem.swift */,
			);
			path = shared;
			sourceTree = "<group>";
		};
		1ECCC1DC2C7B877B00A690BD /* models */ = {
			isa = PBXGroup;
			children = (
				1ECCC1DD2C7B878500A690BD /* User.swift */,
			);
			path = models;
			sourceTree = "<group>";
		};
		1ECCC1DF2C7B87E300A690BD /* repositories */ = {
			isa = PBXGroup;
			children = (
				1ECCC1E02C7B87F500A690BD /* UserRepository.swift */,
			);
			path = repositories;
			sourceTree = "<group>";
		};
/* End PBXGroup section */

/* Begin PBXNativeTarget section */
		1ECCC1B12C7B74C900A690BD /* CoolTheEarth */ = {
			isa = PBXNativeTarget;
			buildConfigurationList = 1ECCC1C02C7B74CB00A690BD /* Build configuration list for PBXNativeTarget "CoolTheEarth" */;
			buildPhases = (
				1ECCC1AE2C7B74C900A690BD /* Sources */,
				1ECCC1AF2C7B74C900A690BD /* Frameworks */,
				1ECCC1B02C7B74C900A690BD /* Resources */,
			);
			buildRules = (
			);
			dependencies = (
			);
			name = CoolTheEarth;
			packageProductDependencies = (
				1ECCC1E62C7CC83000A690BD /* AnimatedTabBar */,
				1ECCC1F12C7CE3C900A690BD /* SDWebImageSwiftUI */,
			);
			productName = CoolTheEarth;
			productReference = 1ECCC1B22C7B74C900A690BD /* CoolTheEarth.app */;
			productType = "com.apple.product-type.application";
		};
/* End PBXNativeTarget section */

/* Begin PBXProject section */
		1ECCC1AA2C7B74C900A690BD /* Project object */ = {
			isa = PBXProject;
			attributes = {
				BuildIndependentTargetsInParallel = 1;
				LastSwiftUpdateCheck = 1540;
				LastUpgradeCheck = 1540;
				TargetAttributes = {
					1ECCC1B12C7B74C900A690BD = {
						CreatedOnToolsVersion = 15.4;
					};
				};
			};
			buildConfigurationList = 1ECCC1AD2C7B74C900A690BD /* Build configuration list for PBXProject "CoolTheEarth" */;
			compatibilityVersion = "Xcode 14.0";
			developmentRegion = en;
			hasScannedForEncodings = 0;
			knownRegions = (
				en,
				Base,
			);
			mainGroup = 1ECCC1A92C7B74C900A690BD;
			packageReferences = (
				1ECCC1E52C7CC83000A690BD /* XCRemoteSwiftPackageReference "AnimatedTabBar" */,
				1ECCC1F02C7CE3C900A690BD /* XCRemoteSwiftPackageReference "SDWebImageSwiftUI" */,
			);
			productRefGroup = 1ECCC1B32C7B74C900A690BD /* Products */;
			projectDirPath = "";
			projectRoot = "";
			targets = (
				1ECCC1B12C7B74C900A690BD /* CoolTheEarth */,
			);
		};
/* End PBXProject section */

/* Begin PBXResourcesBuildPhase section */
		1ECCC1B02C7B74C900A690BD /* Resources */ = {
			isa = PBXResourcesBuildPhase;
			buildActionMask = 2147483647;
			files = (
				1ECCC1BD2C7B74CB00A690BD /* Preview Assets.xcassets in Resources */,
				1ECCC1BA2C7B74CB00A690BD /* Assets.xcassets in Resources */,
				1ECCC1D72C7B7D3700A690BD /* Kenney Future.ttf in Resources */,
				1ECCC1F42C7CE44B00A690BD /* earth-rotate.gif in Resources */,
				1ECCC1D62C7B7D3700A690BD /* Kenney Future Narrow.ttf in Resources */,
			);
			runOnlyForDeploymentPostprocessing = 0;
		};
/* End PBXResourcesBuildPhase section */

/* Begin PBXSourcesBuildPhase section */
		1ECCC1AE2C7B74C900A690BD /* Sources */ = {
			isa = PBXSourcesBuildPhase;
			buildActionMask = 2147483647;
			files = (
				1ECCC1B82C7B74C900A690BD /* ContentView.swift in Sources */,
				1ECCC1DB2C7B85BD00A690BD /* GameBackground.swift in Sources */,
				1ECCC1E42C7CBEBE00A690BD /* MainTabBar.swift in Sources */,
				1ECCC1ED2C7CD0FD00A690BD /* AchievementScreen.swift in Sources */,
				1ECCC1E12C7B87F500A690BD /* UserRepository.swift in Sources */,
				1ECCC1B62C7B74C900A690BD /* CoolTheEarthApp.swift in Sources */,
				1ECCC1EB2C7CD0D200A690BD /* LeaderboardScreen.swift in Sources */,
				1ECCC1E92C7CD0B900A690BD /* GameScreen.swift in Sources */,
				1ECCC1DE2C7B878600A690BD /* User.swift in Sources */,
				1ECCC1C72C7B793500A690BD /* LoginScreen.swift in Sources */,
				1ECCC1EF2C7CD45E00A690BD /* TabItem.swift in Sources */,
			);
			runOnlyForDeploymentPostprocessing = 0;
		};
/* End PBXSourcesBuildPhase section */

/* Begin XCBuildConfiguration section */
		1ECCC1BE2C7B74CB00A690BD /* Debug */ = {
			isa = XCBuildConfiguration;
			buildSettings = {
				ALWAYS_SEARCH_USER_PATHS = NO;
				ASSETCATALOG_COMPILER_GENERATE_SWIFT_ASSET_SYMBOL_EXTENSIONS = YES;
				CLANG_ANALYZER_NONNULL = YES;
				CLANG_ANALYZER_NUMBER_OBJECT_CONVERSION = YES_AGGRESSIVE;
				CLANG_CXX_LANGUAGE_STANDARD = "gnu++20";
				CLANG_ENABLE_MODULES = YES;
				CLANG_ENABLE_OBJC_ARC = YES;
				CLANG_ENABLE_OBJC_WEAK = YES;
				CLANG_WARN_BLOCK_CAPTURE_AUTORELEASING = YES;
				CLANG_WARN_BOOL_CONVERSION = YES;
				CLANG_WARN_COMMA = YES;
				CLANG_WARN_CONSTANT_CONVERSION = YES;
				CLANG_WARN_DEPRECATED_OBJC_IMPLEMENTATIONS = YES;
				CLANG_WARN_DIRECT_OBJC_ISA_USAGE = YES_ERROR;
				CLANG_WARN_DOCUMENTATION_COMMENTS = YES;
				CLANG_WARN_EMPTY_BODY = YES;
				CLANG_WARN_ENUM_CONVERSION = YES;
				CLANG_WARN_INFINITE_RECURSION = YES;
				CLANG_WARN_INT_CONVERSION = YES;
				CLANG_WARN_NON_LITERAL_NULL_CONVERSION = YES;
				CLANG_WARN_OBJC_IMPLICIT_RETAIN_SELF = YES;
				CLANG_WARN_OBJC_LITERAL_CONVERSION = YES;
				CLANG_WARN_OBJC_ROOT_CLASS = YES_ERROR;
				CLANG_WARN_QUOTED_INCLUDE_IN_FRAMEWORK_HEADER = YES;
				CLANG_WARN_RANGE_LOOP_ANALYSIS = YES;
				CLANG_WARN_STRICT_PROTOTYPES = YES;
				CLANG_WARN_SUSPICIOUS_MOVE = YES;
				CLANG_WARN_UNGUARDED_AVAILABILITY = YES_AGGRESSIVE;
				CLANG_WARN_UNREACHABLE_CODE = YES;
				CLANG_WARN__DUPLICATE_METHOD_MATCH = YES;
				COPY_PHASE_STRIP = NO;
				DEBUG_INFORMATION_FORMAT = dwarf;
				ENABLE_STRICT_OBJC_MSGSEND = YES;
				ENABLE_TESTABILITY = YES;
				ENABLE_USER_SCRIPT_SANDBOXING = YES;
				GCC_C_LANGUAGE_STANDARD = gnu17;
				GCC_DYNAMIC_NO_PIC = NO;
				GCC_NO_COMMON_BLOCKS = YES;
				GCC_OPTIMIZATION_LEVEL = 0;
				GCC_PREPROCESSOR_DEFINITIONS = (
					"DEBUG=1",
					"$(inherited)",
				);
				GCC_WARN_64_TO_32_BIT_CONVERSION = YES;
				GCC_WARN_ABOUT_RETURN_TYPE = YES_ERROR;
				GCC_WARN_UNDECLARED_SELECTOR = YES;
				GCC_WARN_UNINITIALIZED_AUTOS = YES_AGGRESSIVE;
				GCC_WARN_UNUSED_FUNCTION = YES;
				GCC_WARN_UNUSED_VARIABLE = YES;
				IPHONEOS_DEPLOYMENT_TARGET = 17.5;
				LOCALIZATION_PREFERS_STRING_CATALOGS = YES;
				MTL_ENABLE_DEBUG_INFO = INCLUDE_SOURCE;
				MTL_FAST_MATH = YES;
				ONLY_ACTIVE_ARCH = YES;
				SDKROOT = iphoneos;
				SWIFT_ACTIVE_COMPILATION_CONDITIONS = "DEBUG $(inherited)";
				SWIFT_OPTIMIZATION_LEVEL = "-Onone";
			};
			name = Debug;
		};
		1ECCC1BF2C7B74CB00A690BD /* Release */ = {
			isa = XCBuildConfiguration;
			buildSettings = {
				ALWAYS_SEARCH_USER_PATHS = NO;
				ASSETCATALOG_COMPILER_GENERATE_SWIFT_ASSET_SYMBOL_EXTENSIONS = YES;
				CLANG_ANALYZER_NONNULL = YES;
				CLANG_ANALYZER_NUMBER_OBJECT_CONVERSION = YES_AGGRESSIVE;
				CLANG_CXX_LANGUAGE_STANDARD = "gnu++20";
				CLANG_ENABLE_MODULES = YES;
				CLANG_ENABLE_OBJC_ARC = YES;
				CLANG_ENABLE_OBJC_WEAK = YES;
				CLANG_WARN_BLOCK_CAPTURE_AUTORELEASING = YES;
				CLANG_WARN_BOOL_CONVERSION = YES;
				CLANG_WARN_COMMA = YES;
				CLANG_WARN_CONSTANT_CONVERSION = YES;
				CLANG_WARN_DEPRECATED_OBJC_IMPLEMENTATIONS = YES;
				CLANG_WARN_DIRECT_OBJC_ISA_USAGE = YES_ERROR;
				CLANG_WARN_DOCUMENTATION_COMMENTS = YES;
				CLANG_WARN_EMPTY_BODY = YES;
				CLANG_WARN_ENUM_CONVERSION = YES;
				CLANG_WARN_INFINITE_RECURSION = YES;
				CLANG_WARN_INT_CONVERSION = YES;
				CLANG_WARN_NON_LITERAL_NULL_CONVERSION = YES;
				CLANG_WARN_OBJC_IMPLICIT_RETAIN_SELF = YES;
				CLANG_WARN_OBJC_LITERAL_CONVERSION = YES;
				CLANG_WARN_OBJC_ROOT_CLASS = YES_ERROR;
				CLANG_WARN_QUOTED_INCLUDE_IN_FRAMEWORK_HEADER = YES;
				CLANG_WARN_RANGE_LOOP_ANALYSIS = YES;
				CLANG_WARN_STRICT_PROTOTYPES = YES;
				CLANG_WARN_SUSPICIOUS_MOVE = YES;
				CLANG_WARN_UNGUARDED_AVAILABILITY = YES_AGGRESSIVE;
				CLANG_WARN_UNREACHABLE_CODE = YES;
				CLANG_WARN__DUPLICATE_METHOD_MATCH = YES;
				COPY_PHASE_STRIP = NO;
				DEBUG_INFORMATION_FORMAT = "dwarf-with-dsym";
				ENABLE_NS_ASSERTIONS = NO;
				ENABLE_STRICT_OBJC_MSGSEND = YES;
				ENABLE_USER_SCRIPT_SANDBOXING = YES;
				GCC_C_LANGUAGE_STANDARD = gnu17;
				GCC_NO_COMMON_BLOCKS = YES;
				GCC_WARN_64_TO_32_BIT_CONVERSION = YES;
				GCC_WARN_ABOUT_RETURN_TYPE = YES_ERROR;
				GCC_WARN_UNDECLARED_SELECTOR = YES;
				GCC_WARN_UNINITIALIZED_AUTOS = YES_AGGRESSIVE;
				GCC_WARN_UNUSED_FUNCTION = YES;
				GCC_WARN_UNUSED_VARIABLE = YES;
				IPHONEOS_DEPLOYMENT_TARGET = 17.5;
				LOCALIZATION_PREFERS_STRING_CATALOGS = YES;
				MTL_ENABLE_DEBUG_INFO = NO;
				MTL_FAST_MATH = YES;
				SDKROOT = iphoneos;
				SWIFT_COMPILATION_MODE = wholemodule;
				VALIDATE_PRODUCT = YES;
			};
			name = Release;
		};
		1ECCC1C12C7B74CB00A690BD /* Debug */ = {
			isa = XCBuildConfiguration;
			buildSettings = {
				ASSETCATALOG_COMPILER_APPICON_NAME = AppIcon;
				ASSETCATALOG_COMPILER_GLOBAL_ACCENT_COLOR_NAME = AccentColor;
				CODE_SIGN_STYLE = Automatic;
				CURRENT_PROJECT_VERSION = 1;
				DEVELOPMENT_ASSET_PATHS = "\"CoolTheEarth/Preview Content\"";
				ENABLE_PREVIEWS = YES;
				GENERATE_INFOPLIST_FILE = YES;
				INFOPLIST_FILE = CoolTheEarth/Info.plist;
				INFOPLIST_KEY_UIApplicationSceneManifest_Generation = YES;
				INFOPLIST_KEY_UIApplicationSupportsIndirectInputEvents = YES;
				INFOPLIST_KEY_UILaunchScreen_Generation = YES;
				INFOPLIST_KEY_UISupportedInterfaceOrientations_iPad = "UIInterfaceOrientationPortrait UIInterfaceOrientationPortraitUpsideDown UIInterfaceOrientationLandscapeLeft UIInterfaceOrientationLandscapeRight";
				INFOPLIST_KEY_UISupportedInterfaceOrientations_iPhone = "UIInterfaceOrientationPortrait UIInterfaceOrientationLandscapeLeft UIInterfaceOrientationLandscapeRight";
				LD_RUNPATH_SEARCH_PATHS = (
					"$(inherited)",
					"@executable_path/Frameworks",
				);
				MARKETING_VERSION = 1.0;
				PRODUCT_BUNDLE_IDENTIFIER = david.deptrai.CoolTheEarth;
				PRODUCT_NAME = "$(TARGET_NAME)";
				SWIFT_EMIT_LOC_STRINGS = YES;
				SWIFT_VERSION = 5.0;
				TARGETED_DEVICE_FAMILY = "1,2";
			};
			name = Debug;
		};
		1ECCC1C22C7B74CB00A690BD /* Release */ = {
			isa = XCBuildConfiguration;
			buildSettings = {
				ASSETCATALOG_COMPILER_APPICON_NAME = AppIcon;
				ASSETCATALOG_COMPILER_GLOBAL_ACCENT_COLOR_NAME = AccentColor;
				CODE_SIGN_STYLE = Automatic;
				CURRENT_PROJECT_VERSION = 1;
				DEVELOPMENT_ASSET_PATHS = "\"CoolTheEarth/Preview Content\"";
				ENABLE_PREVIEWS = YES;
				GENERATE_INFOPLIST_FILE = YES;
				INFOPLIST_FILE = CoolTheEarth/Info.plist;
				INFOPLIST_KEY_UIApplicationSceneManifest_Generation = YES;
				INFOPLIST_KEY_UIApplicationSupportsIndirectInputEvents = YES;
				INFOPLIST_KEY_UILaunchScreen_Generation = YES;
				INFOPLIST_KEY_UISupportedInterfaceOrientations_iPad = "UIInterfaceOrientationPortrait UIInterfaceOrientationPortraitUpsideDown UIInterfaceOrientationLandscapeLeft UIInterfaceOrientationLandscapeRight";
				INFOPLIST_KEY_UISupportedInterfaceOrientations_iPhone = "UIInterfaceOrientationPortrait UIInterfaceOrientationLandscapeLeft UIInterfaceOrientationLandscapeRight";
				LD_RUNPATH_SEARCH_PATHS = (
					"$(inherited)",
					"@executable_path/Frameworks",
				);
				MARKETING_VERSION = 1.0;
				PRODUCT_BUNDLE_IDENTIFIER = david.deptrai.CoolTheEarth;
				PRODUCT_NAME = "$(TARGET_NAME)";
				SWIFT_EMIT_LOC_STRINGS = YES;
				SWIFT_VERSION = 5.0;
				TARGETED_DEVICE_FAMILY = "1,2";
			};
			name = Release;
		};
/* End XCBuildConfiguration section */

/* Begin XCConfigurationList section */
		1ECCC1AD2C7B74C900A690BD /* Build configuration list for PBXProject "CoolTheEarth" */ = {
			isa = XCConfigurationList;
			buildConfigurations = (
				1ECCC1BE2C7B74CB00A690BD /* Debug */,
				1ECCC1BF2C7B74CB00A690BD /* Release */,
			);
			defaultConfigurationIsVisible = 0;
			defaultConfigurationName = Release;
		};
		1ECCC1C02C7B74CB00A690BD /* Build configuration list for PBXNativeTarget "CoolTheEarth" */ = {
			isa = XCConfigurationList;
			buildConfigurations = (
				1ECCC1C12C7B74CB00A690BD /* Debug */,
				1ECCC1C22C7B74CB00A690BD /* Release */,
			);
			defaultConfigurationIsVisible = 0;
			defaultConfigurationName = Release;
		};
/* End XCConfigurationList section */

/* Begin XCRemoteSwiftPackageReference section */
		1ECCC1E52C7CC83000A690BD /* XCRemoteSwiftPackageReference "AnimatedTabBar" */ = {
			isa = XCRemoteSwiftPackageReference;
			repositoryURL = "https://github.com/exyte/AnimatedTabBar";
			requirement = {
				kind = upToNextMajorVersion;
				minimumVersion = 0.1.4;
			};
		};
		1ECCC1F02C7CE3C900A690BD /* XCRemoteSwiftPackageReference "SDWebImageSwiftUI" */ = {
			isa = XCRemoteSwiftPackageReference;
			repositoryURL = "https://github.com/SDWebImage/SDWebImageSwiftUI";
			requirement = {
				kind = upToNextMajorVersion;
				minimumVersion = 3.1.1;
			};
		};
/* End XCRemoteSwiftPackageReference section */

/* Begin XCSwiftPackageProductDependency section */
		1ECCC1E62C7CC83000A690BD /* AnimatedTabBar */ = {
			isa = XCSwiftPackageProductDependency;
			package = 1ECCC1E52C7CC83000A690BD /* XCRemoteSwiftPackageReference "AnimatedTabBar" */;
			productName = AnimatedTabBar;
		};
		1ECCC1F12C7CE3C900A690BD /* SDWebImageSwiftUI */ = {
			isa = XCSwiftPackageProductDependency;
			package = 1ECCC1F02C7CE3C900A690BD /* XCRemoteSwiftPackageReference "SDWebImageSwiftUI" */;
			productName = SDWebImageSwiftUI;
		};
/* End XCSwiftPackageProductDependency section */
	};
	rootObject = 1ECCC1AA2C7B74C900A690BD /* Project object */;
}
